// !$*UTF8*$!
{
	archiveVersion = 1;
	classes = {
	};
	objectVersion = 42;
	objects = {

/* Begin PBXBuildFile section */
		08BFDEA70F796E1F002B7409 /* internal.h in Headers */ = {isa = PBXBuildFile; fileRef = 08BFDEA60F796E1F002B7409 /* internal.h */; };
		08BFDEA80F796E1F002B7409 /* internal.h in Headers */ = {isa = PBXBuildFile; fileRef = 08BFDEA60F796E1F002B7409 /* internal.h */; };
		08BFDEA90F796E1F002B7409 /* internal.h in Headers */ = {isa = PBXBuildFile; fileRef = 08BFDEA60F796E1F002B7409 /* internal.h */; };
		08BFDECF0F796E9C002B7409 /* apiwrapper.c in Sources */ = {isa = PBXBuildFile; fileRef = 08BFDEAB0F796E9C002B7409 /* apiwrapper.c */; };
		08BFDED00F796E9C002B7409 /* apiwrapper.h in Headers */ = {isa = PBXBuildFile; fileRef = 08BFDEAC0F796E9C002B7409 /* apiwrapper.h */; };
		08BFDED10F796E9C002B7409 /* bitpack.c in Sources */ = {isa = PBXBuildFile; fileRef = 08BFDEAD0F796E9C002B7409 /* bitpack.c */; };
		08BFDED20F796E9C002B7409 /* bitpack.h in Headers */ = {isa = PBXBuildFile; fileRef = 08BFDEAE0F796E9C002B7409 /* bitpack.h */; };
		08BFDED30F796E9C002B7409 /* dct.h in Headers */ = {isa = PBXBuildFile; fileRef = 08BFDEAF0F796E9C002B7409 /* dct.h */; };
		08BFDED40F796E9C002B7409 /* decapiwrapper.c in Sources */ = {isa = PBXBuildFile; fileRef = 08BFDEB00F796E9C002B7409 /* decapiwrapper.c */; };
		08BFDED50F796E9C002B7409 /* decinfo.c in Sources */ = {isa = PBXBuildFile; fileRef = 08BFDEB10F796E9C002B7409 /* decinfo.c */; };
		08BFDED60F796E9C002B7409 /* decint.h in Headers */ = {isa = PBXBuildFile; fileRef = 08BFDEB20F796E9C002B7409 /* decint.h */; };
		08BFDED70F796E9C002B7409 /* decode.c in Sources */ = {isa = PBXBuildFile; fileRef = 08BFDEB30F796E9C002B7409 /* decode.c */; };
		08BFDED80F796E9C002B7409 /* dequant.c in Sources */ = {isa = PBXBuildFile; fileRef = 08BFDEB40F796E9C002B7409 /* dequant.c */; };
		08BFDED90F796E9C002B7409 /* dequant.h in Headers */ = {isa = PBXBuildFile; fileRef = 08BFDEB50F796E9C002B7409 /* dequant.h */; };
		08BFDEDA0F796E9C002B7409 /* fragment.c in Sources */ = {isa = PBXBuildFile; fileRef = 08BFDEB60F796E9C002B7409 /* fragment.c */; };
		08BFDEDB0F796E9C002B7409 /* huffdec.c in Sources */ = {isa = PBXBuildFile; fileRef = 08BFDEB70F796E9C002B7409 /* huffdec.c */; };
		08BFDEDC0F796E9C002B7409 /* huffdec.h in Headers */ = {isa = PBXBuildFile; fileRef = 08BFDEB80F796E9C002B7409 /* huffdec.h */; };
		08BFDEDD0F796E9C002B7409 /* huffman.h in Headers */ = {isa = PBXBuildFile; fileRef = 08BFDEB90F796E9C002B7409 /* huffman.h */; };
		08BFDEDE0F796E9C002B7409 /* idct.c in Sources */ = {isa = PBXBuildFile; fileRef = 08BFDEBA0F796E9C002B7409 /* idct.c */; };
		08BFDEDF0F796E9C002B7409 /* idct.h in Headers */ = {isa = PBXBuildFile; fileRef = 08BFDEBB0F796E9C002B7409 /* idct.h */; };
		08BFDEE00F796E9C002B7409 /* info.c in Sources */ = {isa = PBXBuildFile; fileRef = 08BFDEBC0F796E9C002B7409 /* info.c */; };
		08BFDEE10F796E9C002B7409 /* internal.c in Sources */ = {isa = PBXBuildFile; fileRef = 08BFDEBD0F796E9C002B7409 /* internal.c */; };
		08BFDEE20F796E9C002B7409 /* ocintrin.h in Headers */ = {isa = PBXBuildFile; fileRef = 08BFDEBE0F796E9C002B7409 /* ocintrin.h */; };
		08BFDEE30F796E9C002B7409 /* quant.c in Sources */ = {isa = PBXBuildFile; fileRef = 08BFDEBF0F796E9C002B7409 /* quant.c */; };
		08BFDEE40F796E9C002B7409 /* quant.h in Headers */ = {isa = PBXBuildFile; fileRef = 08BFDEC00F796E9C002B7409 /* quant.h */; };
		08BFDEE50F796E9C002B7409 /* state.c in Sources */ = {isa = PBXBuildFile; fileRef = 08BFDEC10F796E9C002B7409 /* state.c */; };
		08BFDEE60F796E9C002B7409 /* mmxfrag.c in Sources */ = {isa = PBXBuildFile; fileRef = 08BFDEC30F796E9C002B7409 /* mmxfrag.c */; };
		08BFDEE70F796E9C002B7409 /* mmxidct.c in Sources */ = {isa = PBXBuildFile; fileRef = 08BFDEC40F796E9C002B7409 /* mmxidct.c */; };
		08BFDEE80F796E9C002B7409 /* mmxstate.c in Sources */ = {isa = PBXBuildFile; fileRef = 08BFDEC50F796E9C002B7409 /* mmxstate.c */; };
		08BFDEE90F796E9C002B7409 /* x86int.h in Headers */ = {isa = PBXBuildFile; fileRef = 08BFDEC60F796E9C002B7409 /* x86int.h */; };
		08BFDEEA0F796E9C002B7409 /* x86state.c in Sources */ = {isa = PBXBuildFile; fileRef = 08BFDEC70F796E9C002B7409 /* x86state.c */; };
		08BFDEF10F796E9C002B7409 /* apiwrapper.c in Sources */ = {isa = PBXBuildFile; fileRef = 08BFDEAB0F796E9C002B7409 /* apiwrapper.c */; };
		08BFDEF20F796E9C002B7409 /* apiwrapper.h in Headers */ = {isa = PBXBuildFile; fileRef = 08BFDEAC0F796E9C002B7409 /* apiwrapper.h */; };
		08BFDEF30F796E9C002B7409 /* bitpack.c in Sources */ = {isa = PBXBuildFile; fileRef = 08BFDEAD0F796E9C002B7409 /* bitpack.c */; };
		08BFDEF40F796E9C002B7409 /* bitpack.h in Headers */ = {isa = PBXBuildFile; fileRef = 08BFDEAE0F796E9C002B7409 /* bitpack.h */; };
		08BFDEF50F796E9C002B7409 /* dct.h in Headers */ = {isa = PBXBuildFile; fileRef = 08BFDEAF0F796E9C002B7409 /* dct.h */; };
		08BFDEF60F796E9C002B7409 /* decapiwrapper.c in Sources */ = {isa = PBXBuildFile; fileRef = 08BFDEB00F796E9C002B7409 /* decapiwrapper.c */; };
		08BFDEF70F796E9C002B7409 /* decinfo.c in Sources */ = {isa = PBXBuildFile; fileRef = 08BFDEB10F796E9C002B7409 /* decinfo.c */; };
		08BFDEF80F796E9C002B7409 /* decint.h in Headers */ = {isa = PBXBuildFile; fileRef = 08BFDEB20F796E9C002B7409 /* decint.h */; };
		08BFDEF90F796E9C002B7409 /* decode.c in Sources */ = {isa = PBXBuildFile; fileRef = 08BFDEB30F796E9C002B7409 /* decode.c */; };
		08BFDEFA0F796E9C002B7409 /* dequant.c in Sources */ = {isa = PBXBuildFile; fileRef = 08BFDEB40F796E9C002B7409 /* dequant.c */; };
		08BFDEFB0F796E9C002B7409 /* dequant.h in Headers */ = {isa = PBXBuildFile; fileRef = 08BFDEB50F796E9C002B7409 /* dequant.h */; };
		08BFDEFC0F796E9C002B7409 /* fragment.c in Sources */ = {isa = PBXBuildFile; fileRef = 08BFDEB60F796E9C002B7409 /* fragment.c */; };
		08BFDEFD0F796E9C002B7409 /* huffdec.c in Sources */ = {isa = PBXBuildFile; fileRef = 08BFDEB70F796E9C002B7409 /* huffdec.c */; };
		08BFDEFE0F796E9C002B7409 /* huffdec.h in Headers */ = {isa = PBXBuildFile; fileRef = 08BFDEB80F796E9C002B7409 /* huffdec.h */; };
		08BFDEFF0F796E9C002B7409 /* huffman.h in Headers */ = {isa = PBXBuildFile; fileRef = 08BFDEB90F796E9C002B7409 /* huffman.h */; };
		08BFDF000F796E9C002B7409 /* idct.c in Sources */ = {isa = PBXBuildFile; fileRef = 08BFDEBA0F796E9C002B7409 /* idct.c */; };
		08BFDF010F796E9C002B7409 /* idct.h in Headers */ = {isa = PBXBuildFile; fileRef = 08BFDEBB0F796E9C002B7409 /* idct.h */; };
		08BFDF020F796E9C002B7409 /* info.c in Sources */ = {isa = PBXBuildFile; fileRef = 08BFDEBC0F796E9C002B7409 /* info.c */; };
		08BFDF030F796E9C002B7409 /* internal.c in Sources */ = {isa = PBXBuildFile; fileRef = 08BFDEBD0F796E9C002B7409 /* internal.c */; };
		08BFDF040F796E9C002B7409 /* ocintrin.h in Headers */ = {isa = PBXBuildFile; fileRef = 08BFDEBE0F796E9C002B7409 /* ocintrin.h */; };
		08BFDF050F796E9C002B7409 /* quant.c in Sources */ = {isa = PBXBuildFile; fileRef = 08BFDEBF0F796E9C002B7409 /* quant.c */; };
		08BFDF060F796E9C002B7409 /* quant.h in Headers */ = {isa = PBXBuildFile; fileRef = 08BFDEC00F796E9C002B7409 /* quant.h */; };
		08BFDF070F796E9C002B7409 /* state.c in Sources */ = {isa = PBXBuildFile; fileRef = 08BFDEC10F796E9C002B7409 /* state.c */; };
		08BFDF080F796E9C002B7409 /* mmxfrag.c in Sources */ = {isa = PBXBuildFile; fileRef = 08BFDEC30F796E9C002B7409 /* mmxfrag.c */; };
		08BFDF090F796E9C002B7409 /* mmxidct.c in Sources */ = {isa = PBXBuildFile; fileRef = 08BFDEC40F796E9C002B7409 /* mmxidct.c */; };
		08BFDF0A0F796E9C002B7409 /* mmxstate.c in Sources */ = {isa = PBXBuildFile; fileRef = 08BFDEC50F796E9C002B7409 /* mmxstate.c */; };
		08BFDF0B0F796E9C002B7409 /* x86int.h in Headers */ = {isa = PBXBuildFile; fileRef = 08BFDEC60F796E9C002B7409 /* x86int.h */; };
		08BFDF0C0F796E9C002B7409 /* x86state.c in Sources */ = {isa = PBXBuildFile; fileRef = 08BFDEC70F796E9C002B7409 /* x86state.c */; };
		08BFDF130F796E9C002B7409 /* apiwrapper.c in Sources */ = {isa = PBXBuildFile; fileRef = 08BFDEAB0F796E9C002B7409 /* apiwrapper.c */; };
		08BFDF140F796E9C002B7409 /* apiwrapper.h in Headers */ = {isa = PBXBuildFile; fileRef = 08BFDEAC0F796E9C002B7409 /* apiwrapper.h */; };
		08BFDF150F796E9C002B7409 /* bitpack.c in Sources */ = {isa = PBXBuildFile; fileRef = 08BFDEAD0F796E9C002B7409 /* bitpack.c */; };
		08BFDF160F796E9C002B7409 /* bitpack.h in Headers */ = {isa = PBXBuildFile; fileRef = 08BFDEAE0F796E9C002B7409 /* bitpack.h */; };
		08BFDF170F796E9C002B7409 /* dct.h in Headers */ = {isa = PBXBuildFile; fileRef = 08BFDEAF0F796E9C002B7409 /* dct.h */; };
		08BFDF180F796E9C002B7409 /* decapiwrapper.c in Sources */ = {isa = PBXBuildFile; fileRef = 08BFDEB00F796E9C002B7409 /* decapiwrapper.c */; };
		08BFDF190F796E9C002B7409 /* decinfo.c in Sources */ = {isa = PBXBuildFile; fileRef = 08BFDEB10F796E9C002B7409 /* decinfo.c */; };
		08BFDF1A0F796E9C002B7409 /* decint.h in Headers */ = {isa = PBXBuildFile; fileRef = 08BFDEB20F796E9C002B7409 /* decint.h */; };
		08BFDF1B0F796E9C002B7409 /* decode.c in Sources */ = {isa = PBXBuildFile; fileRef = 08BFDEB30F796E9C002B7409 /* decode.c */; };
		08BFDF1C0F796E9C002B7409 /* dequant.c in Sources */ = {isa = PBXBuildFile; fileRef = 08BFDEB40F796E9C002B7409 /* dequant.c */; };
		08BFDF1D0F796E9C002B7409 /* dequant.h in Headers */ = {isa = PBXBuildFile; fileRef = 08BFDEB50F796E9C002B7409 /* dequant.h */; };
		08BFDF1E0F796E9C002B7409 /* fragment.c in Sources */ = {isa = PBXBuildFile; fileRef = 08BFDEB60F796E9C002B7409 /* fragment.c */; };
		08BFDF1F0F796E9C002B7409 /* huffdec.c in Sources */ = {isa = PBXBuildFile; fileRef = 08BFDEB70F796E9C002B7409 /* huffdec.c */; };
		08BFDF200F796E9C002B7409 /* huffdec.h in Headers */ = {isa = PBXBuildFile; fileRef = 08BFDEB80F796E9C002B7409 /* huffdec.h */; };
		08BFDF210F796E9C002B7409 /* huffman.h in Headers */ = {isa = PBXBuildFile; fileRef = 08BFDEB90F796E9C002B7409 /* huffman.h */; };
		08BFDF220F796E9C002B7409 /* idct.c in Sources */ = {isa = PBXBuildFile; fileRef = 08BFDEBA0F796E9C002B7409 /* idct.c */; };
		08BFDF230F796E9C002B7409 /* idct.h in Headers */ = {isa = PBXBuildFile; fileRef = 08BFDEBB0F796E9C002B7409 /* idct.h */; };
		08BFDF240F796E9C002B7409 /* info.c in Sources */ = {isa = PBXBuildFile; fileRef = 08BFDEBC0F796E9C002B7409 /* info.c */; };
		08BFDF250F796E9C002B7409 /* internal.c in Sources */ = {isa = PBXBuildFile; fileRef = 08BFDEBD0F796E9C002B7409 /* internal.c */; };
		08BFDF260F796E9C002B7409 /* ocintrin.h in Headers */ = {isa = PBXBuildFile; fileRef = 08BFDEBE0F796E9C002B7409 /* ocintrin.h */; };
		08BFDF270F796E9C002B7409 /* quant.c in Sources */ = {isa = PBXBuildFile; fileRef = 08BFDEBF0F796E9C002B7409 /* quant.c */; };
		08BFDF280F796E9C002B7409 /* quant.h in Headers */ = {isa = PBXBuildFile; fileRef = 08BFDEC00F796E9C002B7409 /* quant.h */; };
		08BFDF290F796E9C002B7409 /* state.c in Sources */ = {isa = PBXBuildFile; fileRef = 08BFDEC10F796E9C002B7409 /* state.c */; };
		08BFDF2A0F796E9C002B7409 /* mmxfrag.c in Sources */ = {isa = PBXBuildFile; fileRef = 08BFDEC30F796E9C002B7409 /* mmxfrag.c */; };
		08BFDF2B0F796E9C002B7409 /* mmxidct.c in Sources */ = {isa = PBXBuildFile; fileRef = 08BFDEC40F796E9C002B7409 /* mmxidct.c */; };
		08BFDF2C0F796E9C002B7409 /* mmxstate.c in Sources */ = {isa = PBXBuildFile; fileRef = 08BFDEC50F796E9C002B7409 /* mmxstate.c */; };
		08BFDF2D0F796E9C002B7409 /* x86int.h in Headers */ = {isa = PBXBuildFile; fileRef = 08BFDEC60F796E9C002B7409 /* x86int.h */; };
		08BFDF2E0F796E9C002B7409 /* x86state.c in Sources */ = {isa = PBXBuildFile; fileRef = 08BFDEC70F796E9C002B7409 /* x86state.c */; };
		08BFDF5D0F796EE7002B7409 /* codec_internal.h in Headers */ = {isa = PBXBuildFile; fileRef = 08BFDF360F796EE7002B7409 /* codec_internal.h */; };
		08BFDF5E0F796EE7002B7409 /* dct.c in Sources */ = {isa = PBXBuildFile; fileRef = 08BFDF370F796EE7002B7409 /* dct.c */; };
		08BFDF5F0F796EE7002B7409 /* dct_decode.c in Sources */ = {isa = PBXBuildFile; fileRef = 08BFDF380F796EE7002B7409 /* dct_decode.c */; };
		08BFDF600F796EE7002B7409 /* dct_encode.c in Sources */ = {isa = PBXBuildFile; fileRef = 08BFDF390F796EE7002B7409 /* dct_encode.c */; };
		08BFDF610F796EE7002B7409 /* dsp.c in Sources */ = {isa = PBXBuildFile; fileRef = 08BFDF3A0F796EE7002B7409 /* dsp.c */; };
		08BFDF620F796EE7002B7409 /* dsp.h in Headers */ = {isa = PBXBuildFile; fileRef = 08BFDF3B0F796EE7002B7409 /* dsp.h */; };
		08BFDF630F796EE7002B7409 /* encapiwrapper.c in Sources */ = {isa = PBXBuildFile; fileRef = 08BFDF3C0F796EE7002B7409 /* encapiwrapper.c */; };
		08BFDF640F796EE7002B7409 /* encode.c in Sources */ = {isa = PBXBuildFile; fileRef = 08BFDF3D0F796EE7002B7409 /* encode.c */; };
		08BFDF660F796EE7002B7409 /* encoder_huffman.c in Sources */ = {isa = PBXBuildFile; fileRef = 08BFDF3F0F796EE7002B7409 /* encoder_huffman.c */; };
		08BFDF670F796EE7002B7409 /* encoder_huffman.h in Headers */ = {isa = PBXBuildFile; fileRef = 08BFDF400F796EE7002B7409 /* encoder_huffman.h */; };
		08BFDF680F796EE7002B7409 /* encoder_idct.c in Sources */ = {isa = PBXBuildFile; fileRef = 08BFDF410F796EE7002B7409 /* encoder_idct.c */; };
		08BFDF690F796EE7002B7409 /* encoder_lookup.h in Headers */ = {isa = PBXBuildFile; fileRef = 08BFDF420F796EE7002B7409 /* encoder_lookup.h */; };
		08BFDF6A0F796EE7002B7409 /* encoder_quant.c in Sources */ = {isa = PBXBuildFile; fileRef = 08BFDF430F796EE7002B7409 /* encoder_quant.c */; };
		08BFDF6B0F796EE7002B7409 /* encoder_toplevel.c in Sources */ = {isa = PBXBuildFile; fileRef = 08BFDF440F796EE7002B7409 /* encoder_toplevel.c */; };
		08BFDF6C0F796EE7002B7409 /* enquant.h in Headers */ = {isa = PBXBuildFile; fileRef = 08BFDF450F796EE7002B7409 /* enquant.h */; };
		08BFDF6D0F796EE7002B7409 /* frarray.c in Sources */ = {isa = PBXBuildFile; fileRef = 08BFDF460F796EE7002B7409 /* frarray.c */; };
		08BFDF6E0F796EE7002B7409 /* frinit.c in Sources */ = {isa = PBXBuildFile; fileRef = 08BFDF470F796EE7002B7409 /* frinit.c */; };
		08BFDF6F0F796EE7002B7409 /* hufftables.h in Headers */ = {isa = PBXBuildFile; fileRef = 08BFDF480F796EE7002B7409 /* hufftables.h */; };
		08BFDF700F796EE7002B7409 /* mathops.c in Sources */ = {isa = PBXBuildFile; fileRef = 08BFDF490F796EE7002B7409 /* mathops.c */; };
		08BFDF710F796EE7002B7409 /* mathops.h in Headers */ = {isa = PBXBuildFile; fileRef = 08BFDF4A0F796EE7002B7409 /* mathops.h */; };
		08BFDF720F796EE7002B7409 /* mcenc.c in Sources */ = {isa = PBXBuildFile; fileRef = 08BFDF4B0F796EE7002B7409 /* mcenc.c */; };
		08BFDF730F796EE7002B7409 /* mode.c in Sources */ = {isa = PBXBuildFile; fileRef = 08BFDF4C0F796EE7002B7409 /* mode.c */; };
		08BFDF740F796EE7002B7409 /* mode_select.h in Headers */ = {isa = PBXBuildFile; fileRef = 08BFDF4D0F796EE7002B7409 /* mode_select.h */; };
		08BFDF750F796EE7002B7409 /* quant_lookup.h in Headers */ = {isa = PBXBuildFile; fileRef = 08BFDF4E0F796EE7002B7409 /* quant_lookup.h */; };
		08BFDF760F796EE7002B7409 /* reconstruct.c in Sources */ = {isa = PBXBuildFile; fileRef = 08BFDF4F0F796EE7002B7409 /* reconstruct.c */; };
		08BFDF770F796EE7002B7409 /* toplevel_lookup.h in Headers */ = {isa = PBXBuildFile; fileRef = 08BFDF500F796EE7002B7409 /* toplevel_lookup.h */; };
		08BFDF780F796EE7002B7409 /* dct_decode_mmx.c in Sources */ = {isa = PBXBuildFile; fileRef = 08BFDF520F796EE7002B7409 /* dct_decode_mmx.c */; };
		08BFDF790F796EE7002B7409 /* dsp_mmx.c in Sources */ = {isa = PBXBuildFile; fileRef = 08BFDF530F796EE7002B7409 /* dsp_mmx.c */; };
		08BFDF7A0F796EE7002B7409 /* dsp_mmxext.c in Sources */ = {isa = PBXBuildFile; fileRef = 08BFDF540F796EE7002B7409 /* dsp_mmxext.c */; };
		08BFDF7B0F796EE7002B7409 /* dsp_sse2.c in Sources */ = {isa = PBXBuildFile; fileRef = 08BFDF550F796EE7002B7409 /* dsp_sse2.c */; };
		08BFDF7C0F796EE7002B7409 /* fdct_mmx.c in Sources */ = {isa = PBXBuildFile; fileRef = 08BFDF560F796EE7002B7409 /* fdct_mmx.c */; };
		08BFDF7D0F796EE7002B7409 /* idct_mmx.c in Sources */ = {isa = PBXBuildFile; fileRef = 08BFDF570F796EE7002B7409 /* idct_mmx.c */; };
		08BFDF7E0F796EE7002B7409 /* recon_mmx.c in Sources */ = {isa = PBXBuildFile; fileRef = 08BFDF580F796EE7002B7409 /* recon_mmx.c */; };
		08BFDF820F796EE7002B7409 /* codec_internal.h in Headers */ = {isa = PBXBuildFile; fileRef = 08BFDF360F796EE7002B7409 /* codec_internal.h */; };
		08BFDF830F796EE7002B7409 /* dct.c in Sources */ = {isa = PBXBuildFile; fileRef = 08BFDF370F796EE7002B7409 /* dct.c */; };
		08BFDF840F796EE7002B7409 /* dct_decode.c in Sources */ = {isa = PBXBuildFile; fileRef = 08BFDF380F796EE7002B7409 /* dct_decode.c */; };
		08BFDF850F796EE7002B7409 /* dct_encode.c in Sources */ = {isa = PBXBuildFile; fileRef = 08BFDF390F796EE7002B7409 /* dct_encode.c */; };
		08BFDF860F796EE7002B7409 /* dsp.c in Sources */ = {isa = PBXBuildFile; fileRef = 08BFDF3A0F796EE7002B7409 /* dsp.c */; };
		08BFDF870F796EE7002B7409 /* dsp.h in Headers */ = {isa = PBXBuildFile; fileRef = 08BFDF3B0F796EE7002B7409 /* dsp.h */; };
		08BFDF880F796EE7002B7409 /* encapiwrapper.c in Sources */ = {isa = PBXBuildFile; fileRef = 08BFDF3C0F796EE7002B7409 /* encapiwrapper.c */; };
		08BFDF890F796EE7002B7409 /* encode.c in Sources */ = {isa = PBXBuildFile; fileRef = 08BFDF3D0F796EE7002B7409 /* encode.c */; };
		08BFDF8B0F796EE7002B7409 /* encoder_huffman.c in Sources */ = {isa = PBXBuildFile; fileRef = 08BFDF3F0F796EE7002B7409 /* encoder_huffman.c */; };
		08BFDF8C0F796EE7002B7409 /* encoder_huffman.h in Headers */ = {isa = PBXBuildFile; fileRef = 08BFDF400F796EE7002B7409 /* encoder_huffman.h */; };
		08BFDF8D0F796EE7002B7409 /* encoder_idct.c in Sources */ = {isa = PBXBuildFile; fileRef = 08BFDF410F796EE7002B7409 /* encoder_idct.c */; };
		08BFDF8E0F796EE7002B7409 /* encoder_lookup.h in Headers */ = {isa = PBXBuildFile; fileRef = 08BFDF420F796EE7002B7409 /* encoder_lookup.h */; };
		08BFDF8F0F796EE7002B7409 /* encoder_quant.c in Sources */ = {isa = PBXBuildFile; fileRef = 08BFDF430F796EE7002B7409 /* encoder_quant.c */; };
		08BFDF900F796EE7002B7409 /* encoder_toplevel.c in Sources */ = {isa = PBXBuildFile; fileRef = 08BFDF440F796EE7002B7409 /* encoder_toplevel.c */; };
		08BFDF910F796EE7002B7409 /* enquant.h in Headers */ = {isa = PBXBuildFile; fileRef = 08BFDF450F796EE7002B7409 /* enquant.h */; };
		08BFDF920F796EE7002B7409 /* frarray.c in Sources */ = {isa = PBXBuildFile; fileRef = 08BFDF460F796EE7002B7409 /* frarray.c */; };
		08BFDF930F796EE7002B7409 /* frinit.c in Sources */ = {isa = PBXBuildFile; fileRef = 08BFDF470F796EE7002B7409 /* frinit.c */; };
		08BFDF940F796EE7002B7409 /* hufftables.h in Headers */ = {isa = PBXBuildFile; fileRef = 08BFDF480F796EE7002B7409 /* hufftables.h */; };
		08BFDF950F796EE7002B7409 /* mathops.c in Sources */ = {isa = PBXBuildFile; fileRef = 08BFDF490F796EE7002B7409 /* mathops.c */; };
		08BFDF960F796EE7002B7409 /* mathops.h in Headers */ = {isa = PBXBuildFile; fileRef = 08BFDF4A0F796EE7002B7409 /* mathops.h */; };
		08BFDF970F796EE7002B7409 /* mcenc.c in Sources */ = {isa = PBXBuildFile; fileRef = 08BFDF4B0F796EE7002B7409 /* mcenc.c */; };
		08BFDF980F796EE7002B7409 /* mode.c in Sources */ = {isa = PBXBuildFile; fileRef = 08BFDF4C0F796EE7002B7409 /* mode.c */; };
		08BFDF990F796EE7002B7409 /* mode_select.h in Headers */ = {isa = PBXBuildFile; fileRef = 08BFDF4D0F796EE7002B7409 /* mode_select.h */; };
		08BFDF9A0F796EE7002B7409 /* quant_lookup.h in Headers */ = {isa = PBXBuildFile; fileRef = 08BFDF4E0F796EE7002B7409 /* quant_lookup.h */; };
		08BFDF9B0F796EE7002B7409 /* reconstruct.c in Sources */ = {isa = PBXBuildFile; fileRef = 08BFDF4F0F796EE7002B7409 /* reconstruct.c */; };
		08BFDF9C0F796EE7002B7409 /* toplevel_lookup.h in Headers */ = {isa = PBXBuildFile; fileRef = 08BFDF500F796EE7002B7409 /* toplevel_lookup.h */; };
		08BFDF9D0F796EE7002B7409 /* dct_decode_mmx.c in Sources */ = {isa = PBXBuildFile; fileRef = 08BFDF520F796EE7002B7409 /* dct_decode_mmx.c */; };
		08BFDF9E0F796EE7002B7409 /* dsp_mmx.c in Sources */ = {isa = PBXBuildFile; fileRef = 08BFDF530F796EE7002B7409 /* dsp_mmx.c */; };
		08BFDF9F0F796EE7002B7409 /* dsp_mmxext.c in Sources */ = {isa = PBXBuildFile; fileRef = 08BFDF540F796EE7002B7409 /* dsp_mmxext.c */; };
		08BFDFA00F796EE7002B7409 /* dsp_sse2.c in Sources */ = {isa = PBXBuildFile; fileRef = 08BFDF550F796EE7002B7409 /* dsp_sse2.c */; };
		08BFDFA10F796EE7002B7409 /* fdct_mmx.c in Sources */ = {isa = PBXBuildFile; fileRef = 08BFDF560F796EE7002B7409 /* fdct_mmx.c */; };
		08BFDFA20F796EE7002B7409 /* idct_mmx.c in Sources */ = {isa = PBXBuildFile; fileRef = 08BFDF570F796EE7002B7409 /* idct_mmx.c */; };
		08BFDFA30F796EE7002B7409 /* recon_mmx.c in Sources */ = {isa = PBXBuildFile; fileRef = 08BFDF580F796EE7002B7409 /* recon_mmx.c */; };
		08BFDFAA0F796F24002B7409 /* cpu.h in Headers */ = {isa = PBXBuildFile; fileRef = 08BFDFA80F796F24002B7409 /* cpu.h */; };
		097729950BCAC60000303091 /* codec.h in Headers */ = {isa = PBXBuildFile; fileRef = 097729930BCAC60000303091 /* codec.h */; settings = {ATTRIBUTES = (Public, ); }; };
		097729960BCAC60000303091 /* theoradec.h in Headers */ = {isa = PBXBuildFile; fileRef = 097729940BCAC60000303091 /* theoradec.h */; settings = {ATTRIBUTES = (Public, ); }; };
		097729970BCAC60000303091 /* codec.h in Headers */ = {isa = PBXBuildFile; fileRef = 097729930BCAC60000303091 /* codec.h */; };
		097729980BCAC60000303091 /* theoradec.h in Headers */ = {isa = PBXBuildFile; fileRef = 097729940BCAC60000303091 /* theoradec.h */; };
		09C8F6640C82FC4500F72188 /* codec.h in Headers */ = {isa = PBXBuildFile; fileRef = 097729930BCAC60000303091 /* codec.h */; };
		09C8F6650C82FC4500F72188 /* theoradec.h in Headers */ = {isa = PBXBuildFile; fileRef = 097729940BCAC60000303091 /* theoradec.h */; };
		09C8F6660C82FC4600F72188 /* theora.h in Headers */ = {isa = PBXBuildFile; fileRef = 734A75BE09D76BB9002D8FAE /* theora.h */; };
		734A751909D76ADD002D8FAE /* Ogg.framework in Frameworks */ = {isa = PBXBuildFile; fileRef = 734A751809D76ADD002D8FAE /* Ogg.framework */; };
		734A75BF09D76BB9002D8FAE /* theora.h in Headers */ = {isa = PBXBuildFile; fileRef = 734A75BE09D76BB9002D8FAE /* theora.h */; settings = {ATTRIBUTES = (Public, ); }; };
		8D07F2BE0486CC7A007CD1D0 /* Theora_Prefix.pch in Headers */ = {isa = PBXBuildFile; fileRef = 32BAE0B70371A74B00C91783 /* Theora_Prefix.pch */; };
		8D07F2C00486CC7A007CD1D0 /* InfoPlist.strings in Resources */ = {isa = PBXBuildFile; fileRef = 089C1666FE841158C02AAC07 /* InfoPlist.strings */; };
/* End PBXBuildFile section */

/* Begin PBXFileReference section */
		089C1667FE841158C02AAC07 /* English */ = {isa = PBXFileReference; fileEncoding = 10; lastKnownFileType = text.plist.strings; name = English; path = English.lproj/InfoPlist.strings; sourceTree = "<group>"; };
		08BFDEA60F796E1F002B7409 /* internal.h */ = {isa = PBXFileReference; fileEncoding = 30; lastKnownFileType = sourcecode.c.h; name = internal.h; path = ../lib/internal.h; sourceTree = SOURCE_ROOT; };
		08BFDEAB0F796E9C002B7409 /* apiwrapper.c */ = {isa = PBXFileReference; fileEncoding = 30; lastKnownFileType = sourcecode.c.c; path = apiwrapper.c; sourceTree = "<group>"; };
		08BFDEAC0F796E9C002B7409 /* apiwrapper.h */ = {isa = PBXFileReference; fileEncoding = 30; lastKnownFileType = sourcecode.c.h; path = apiwrapper.h; sourceTree = "<group>"; };
		08BFDEAD0F796E9C002B7409 /* bitpack.c */ = {isa = PBXFileReference; fileEncoding = 30; lastKnownFileType = sourcecode.c.c; path = bitpack.c; sourceTree = "<group>"; };
		08BFDEAE0F796E9C002B7409 /* bitpack.h */ = {isa = PBXFileReference; fileEncoding = 30; lastKnownFileType = sourcecode.c.h; path = bitpack.h; sourceTree = "<group>"; };
		08BFDEAF0F796E9C002B7409 /* dct.h */ = {isa = PBXFileReference; fileEncoding = 30; lastKnownFileType = sourcecode.c.h; path = dct.h; sourceTree = "<group>"; };
		08BFDEB00F796E9C002B7409 /* decapiwrapper.c */ = {isa = PBXFileReference; fileEncoding = 30; lastKnownFileType = sourcecode.c.c; path = decapiwrapper.c; sourceTree = "<group>"; };
		08BFDEB10F796E9C002B7409 /* decinfo.c */ = {isa = PBXFileReference; fileEncoding = 30; lastKnownFileType = sourcecode.c.c; path = decinfo.c; sourceTree = "<group>"; };
		08BFDEB20F796E9C002B7409 /* decint.h */ = {isa = PBXFileReference; fileEncoding = 30; lastKnownFileType = sourcecode.c.h; path = decint.h; sourceTree = "<group>"; };
		08BFDEB30F796E9C002B7409 /* decode.c */ = {isa = PBXFileReference; fileEncoding = 30; lastKnownFileType = sourcecode.c.c; path = decode.c; sourceTree = "<group>"; };
		08BFDEB40F796E9C002B7409 /* dequant.c */ = {isa = PBXFileReference; fileEncoding = 30; lastKnownFileType = sourcecode.c.c; path = dequant.c; sourceTree = "<group>"; };
		08BFDEB50F796E9C002B7409 /* dequant.h */ = {isa = PBXFileReference; fileEncoding = 30; lastKnownFileType = sourcecode.c.h; path = dequant.h; sourceTree = "<group>"; };
		08BFDEB60F796E9C002B7409 /* fragment.c */ = {isa = PBXFileReference; fileEncoding = 30; lastKnownFileType = sourcecode.c.c; path = fragment.c; sourceTree = "<group>"; };
		08BFDEB70F796E9C002B7409 /* huffdec.c */ = {isa = PBXFileReference; fileEncoding = 30; lastKnownFileType = sourcecode.c.c; path = huffdec.c; sourceTree = "<group>"; };
		08BFDEB80F796E9C002B7409 /* huffdec.h */ = {isa = PBXFileReference; fileEncoding = 30; lastKnownFileType = sourcecode.c.h; path = huffdec.h; sourceTree = "<group>"; };
		08BFDEB90F796E9C002B7409 /* huffman.h */ = {isa = PBXFileReference; fileEncoding = 30; lastKnownFileType = sourcecode.c.h; path = huffman.h; sourceTree = "<group>"; };
		08BFDEBA0F796E9C002B7409 /* idct.c */ = {isa = PBXFileReference; fileEncoding = 30; lastKnownFileType = sourcecode.c.c; path = idct.c; sourceTree = "<group>"; };
		08BFDEBB0F796E9C002B7409 /* idct.h */ = {isa = PBXFileReference; fileEncoding = 30; lastKnownFileType = sourcecode.c.h; path = idct.h; sourceTree = "<group>"; };
		08BFDEBC0F796E9C002B7409 /* info.c */ = {isa = PBXFileReference; fileEncoding = 30; lastKnownFileType = sourcecode.c.c; path = info.c; sourceTree = "<group>"; };
		08BFDEBD0F796E9C002B7409 /* internal.c */ = {isa = PBXFileReference; fileEncoding = 30; lastKnownFileType = sourcecode.c.c; path = internal.c; sourceTree = "<group>"; };
		08BFDEBE0F796E9C002B7409 /* ocintrin.h */ = {isa = PBXFileReference; fileEncoding = 30; lastKnownFileType = sourcecode.c.h; path = ocintrin.h; sourceTree = "<group>"; };
		08BFDEBF0F796E9C002B7409 /* quant.c */ = {isa = PBXFileReference; fileEncoding = 30; lastKnownFileType = sourcecode.c.c; path = quant.c; sourceTree = "<group>"; };
		08BFDEC00F796E9C002B7409 /* quant.h */ = {isa = PBXFileReference; fileEncoding = 30; lastKnownFileType = sourcecode.c.h; path = quant.h; sourceTree = "<group>"; };
		08BFDEC10F796E9C002B7409 /* state.c */ = {isa = PBXFileReference; fileEncoding = 30; lastKnownFileType = sourcecode.c.c; path = state.c; sourceTree = "<group>"; };
		08BFDEC30F796E9C002B7409 /* mmxfrag.c */ = {isa = PBXFileReference; fileEncoding = 30; lastKnownFileType = sourcecode.c.c; name = mmxfrag.c; path = x86/mmxfrag.c; sourceTree = "<group>"; };
		08BFDEC40F796E9C002B7409 /* mmxidct.c */ = {isa = PBXFileReference; fileEncoding = 30; lastKnownFileType = sourcecode.c.c; name = mmxidct.c; path = x86/mmxidct.c; sourceTree = "<group>"; };
		08BFDEC50F796E9C002B7409 /* mmxstate.c */ = {isa = PBXFileReference; fileEncoding = 30; lastKnownFileType = sourcecode.c.c; name = mmxstate.c; path = x86/mmxstate.c; sourceTree = "<group>"; };
		08BFDEC60F796E9C002B7409 /* x86int.h */ = {isa = PBXFileReference; fileEncoding = 30; lastKnownFileType = sourcecode.c.h; name = x86int.h; path = x86/x86int.h; sourceTree = "<group>"; };
		08BFDEC70F796E9C002B7409 /* x86state.c */ = {isa = PBXFileReference; fileEncoding = 30; lastKnownFileType = sourcecode.c.c; name = x86state.c; path = x86/x86state.c; sourceTree = "<group>"; };
		08BFDF360F796EE7002B7409 /* codec_internal.h */ = {isa = PBXFileReference; fileEncoding = 30; lastKnownFileType = sourcecode.c.h; path = codec_internal.h; sourceTree = "<group>"; };
		08BFDF370F796EE7002B7409 /* dct.c */ = {isa = PBXFileReference; fileEncoding = 30; lastKnownFileType = sourcecode.c.c; path = dct.c; sourceTree = "<group>"; };
		08BFDF380F796EE7002B7409 /* dct_decode.c */ = {isa = PBXFileReference; fileEncoding = 30; lastKnownFileType = sourcecode.c.c; path = dct_decode.c; sourceTree = "<group>"; };
		08BFDF390F796EE7002B7409 /* dct_encode.c */ = {isa = PBXFileReference; fileEncoding = 30; lastKnownFileType = sourcecode.c.c; path = dct_encode.c; sourceTree = "<group>"; };
		08BFDF3A0F796EE7002B7409 /* dsp.c */ = {isa = PBXFileReference; fileEncoding = 30; lastKnownFileType = sourcecode.c.c; path = dsp.c; sourceTree = "<group>"; };
		08BFDF3B0F796EE7002B7409 /* dsp.h */ = {isa = PBXFileReference; fileEncoding = 30; lastKnownFileType = sourcecode.c.h; path = dsp.h; sourceTree = "<group>"; };
		08BFDF3C0F796EE7002B7409 /* encapiwrapper.c */ = {isa = PBXFileReference; fileEncoding = 30; lastKnownFileType = sourcecode.c.c; path = encapiwrapper.c; sourceTree = "<group>"; };
		08BFDF3D0F796EE7002B7409 /* encode.c */ = {isa = PBXFileReference; fileEncoding = 30; lastKnownFileType = sourcecode.c.c; path = encode.c; sourceTree = "<group>"; };
		08BFDF3F0F796EE7002B7409 /* encoder_huffman.c */ = {isa = PBXFileReference; fileEncoding = 30; lastKnownFileType = sourcecode.c.c; path = encoder_huffman.c; sourceTree = "<group>"; };
		08BFDF400F796EE7002B7409 /* encoder_huffman.h */ = {isa = PBXFileReference; fileEncoding = 30; lastKnownFileType = sourcecode.c.h; path = encoder_huffman.h; sourceTree = "<group>"; };
		08BFDF410F796EE7002B7409 /* encoder_idct.c */ = {isa = PBXFileReference; fileEncoding = 30; lastKnownFileType = sourcecode.c.c; path = encoder_idct.c; sourceTree = "<group>"; };
		08BFDF420F796EE7002B7409 /* encoder_lookup.h */ = {isa = PBXFileReference; fileEncoding = 30; lastKnownFileType = sourcecode.c.h; path = encoder_lookup.h; sourceTree = "<group>"; };
		08BFDF430F796EE7002B7409 /* encoder_quant.c */ = {isa = PBXFileReference; fileEncoding = 30; lastKnownFileType = sourcecode.c.c; path = encoder_quant.c; sourceTree = "<group>"; };
		08BFDF440F796EE7002B7409 /* encoder_toplevel.c */ = {isa = PBXFileReference; fileEncoding = 30; lastKnownFileType = sourcecode.c.c; path = encoder_toplevel.c; sourceTree = "<group>"; };
		08BFDF450F796EE7002B7409 /* enquant.h */ = {isa = PBXFileReference; fileEncoding = 30; lastKnownFileType = sourcecode.c.h; path = enquant.h; sourceTree = "<group>"; };
		08BFDF460F796EE7002B7409 /* frarray.c */ = {isa = PBXFileReference; fileEncoding = 30; lastKnownFileType = sourcecode.c.c; path = frarray.c; sourceTree = "<group>"; };
		08BFDF470F796EE7002B7409 /* frinit.c */ = {isa = PBXFileReference; fileEncoding = 30; lastKnownFileType = sourcecode.c.c; path = frinit.c; sourceTree = "<group>"; };
		08BFDF480F796EE7002B7409 /* hufftables.h */ = {isa = PBXFileReference; fileEncoding = 30; lastKnownFileType = sourcecode.c.h; path = hufftables.h; sourceTree = "<group>"; };
		08BFDF490F796EE7002B7409 /* mathops.c */ = {isa = PBXFileReference; fileEncoding = 30; lastKnownFileType = sourcecode.c.c; path = mathops.c; sourceTree = "<group>"; };
		08BFDF4A0F796EE7002B7409 /* mathops.h */ = {isa = PBXFileReference; fileEncoding = 30; lastKnownFileType = sourcecode.c.h; path = mathops.h; sourceTree = "<group>"; };
		08BFDF4B0F796EE7002B7409 /* mcenc.c */ = {isa = PBXFileReference; fileEncoding = 30; lastKnownFileType = sourcecode.c.c; path = mcenc.c; sourceTree = "<group>"; };
		08BFDF4C0F796EE7002B7409 /* mode.c */ = {isa = PBXFileReference; fileEncoding = 30; lastKnownFileType = sourcecode.c.c; path = mode.c; sourceTree = "<group>"; };
		08BFDF4D0F796EE7002B7409 /* mode_select.h */ = {isa = PBXFileReference; fileEncoding = 30; lastKnownFileType = sourcecode.c.h; path = mode_select.h; sourceTree = "<group>"; };
		08BFDF4E0F796EE7002B7409 /* quant_lookup.h */ = {isa = PBXFileReference; fileEncoding = 30; lastKnownFileType = sourcecode.c.h; path = quant_lookup.h; sourceTree = "<group>"; };
		08BFDF4F0F796EE7002B7409 /* reconstruct.c */ = {isa = PBXFileReference; fileEncoding = 30; lastKnownFileType = sourcecode.c.c; path = reconstruct.c; sourceTree = "<group>"; };
		08BFDF500F796EE7002B7409 /* toplevel_lookup.h */ = {isa = PBXFileReference; fileEncoding = 30; lastKnownFileType = sourcecode.c.h; path = toplevel_lookup.h; sourceTree = "<group>"; };
		08BFDF520F796EE7002B7409 /* dct_decode_mmx.c */ = {isa = PBXFileReference; fileEncoding = 30; lastKnownFileType = sourcecode.c.c; name = dct_decode_mmx.c; path = x86/dct_decode_mmx.c; sourceTree = "<group>"; };
		08BFDF530F796EE7002B7409 /* dsp_mmx.c */ = {isa = PBXFileReference; fileEncoding = 30; lastKnownFileType = sourcecode.c.c; name = dsp_mmx.c; path = x86/dsp_mmx.c; sourceTree = "<group>"; };
		08BFDF540F796EE7002B7409 /* dsp_mmxext.c */ = {isa = PBXFileReference; fileEncoding = 30; lastKnownFileType = sourcecode.c.c; name = dsp_mmxext.c; path = x86/dsp_mmxext.c; sourceTree = "<group>"; };
		08BFDF550F796EE7002B7409 /* dsp_sse2.c */ = {isa = PBXFileReference; fileEncoding = 30; lastKnownFileType = sourcecode.c.c; name = dsp_sse2.c; path = x86/dsp_sse2.c; sourceTree = "<group>"; };
		08BFDF560F796EE7002B7409 /* fdct_mmx.c */ = {isa = PBXFileReference; fileEncoding = 30; lastKnownFileType = sourcecode.c.c; name = fdct_mmx.c; path = x86/fdct_mmx.c; sourceTree = "<group>"; };
		08BFDF570F796EE7002B7409 /* idct_mmx.c */ = {isa = PBXFileReference; fileEncoding = 30; lastKnownFileType = sourcecode.c.c; name = idct_mmx.c; path = x86/idct_mmx.c; sourceTree = "<group>"; };
		08BFDF580F796EE7002B7409 /* recon_mmx.c */ = {isa = PBXFileReference; fileEncoding = 30; lastKnownFileType = sourcecode.c.c; name = recon_mmx.c; path = x86/recon_mmx.c; sourceTree = "<group>"; };
		08BFDFA70F796F24002B7409 /* cpu.c */ = {isa = PBXFileReference; fileEncoding = 30; lastKnownFileType = sourcecode.c.c; name = cpu.c; path = ../lib/cpu.c; sourceTree = SOURCE_ROOT; };
		08BFDFA80F796F24002B7409 /* cpu.h */ = {isa = PBXFileReference; fileEncoding = 30; lastKnownFileType = sourcecode.c.h; name = cpu.h; path = ../lib/cpu.h; sourceTree = SOURCE_ROOT; };
		097729930BCAC60000303091 /* codec.h */ = {isa = PBXFileReference; fileEncoding = 4; lastKnownFileType = sourcecode.c.h; name = codec.h; path = ../include/theora/codec.h; sourceTree = SOURCE_ROOT; };
		097729940BCAC60000303091 /* theoradec.h */ = {isa = PBXFileReference; fileEncoding = 4; lastKnownFileType = sourcecode.c.h; name = theoradec.h; path = ../include/theora/theoradec.h; sourceTree = SOURCE_ROOT; };
		09C8F6430C82FBE500F72188 /* libtheoradec.a */ = {isa = PBXFileReference; explicitFileType = archive.ar; includeInIndex = 0; path = libtheoradec.a; sourceTree = BUILT_PRODUCTS_DIR; };
		32BAE0B70371A74B00C91783 /* Theora_Prefix.pch */ = {isa = PBXFileReference; fileEncoding = 4; lastKnownFileType = sourcecode.c.h; path = Theora_Prefix.pch; sourceTree = "<group>"; };
		734A751809D76ADD002D8FAE /* Ogg.framework */ = {isa = PBXFileReference; lastKnownFileType = wrapper.framework; name = Ogg.framework; path = /Library/Frameworks/Ogg.framework; sourceTree = "<absolute>"; };
		734A75BE09D76BB9002D8FAE /* theora.h */ = {isa = PBXFileReference; fileEncoding = 30; lastKnownFileType = sourcecode.c.h; name = theora.h; path = ../include/theora/theora.h; sourceTree = SOURCE_ROOT; };
		738837100B192732005C7A69 /* libtheora.a */ = {isa = PBXFileReference; explicitFileType = archive.ar; includeInIndex = 0; path = libtheora.a; sourceTree = BUILT_PRODUCTS_DIR; };
		8D07F2C70486CC7A007CD1D0 /* Info.plist */ = {isa = PBXFileReference; fileEncoding = 4; lastKnownFileType = text.plist; path = Info.plist; sourceTree = "<group>"; };
		8D07F2C80486CC7A007CD1D0 /* Theora.framework */ = {isa = PBXFileReference; explicitFileType = wrapper.framework; includeInIndex = 0; path = Theora.framework; sourceTree = BUILT_PRODUCTS_DIR; };
/* End PBXFileReference section */

/* Begin PBXFrameworksBuildPhase section */
		09C8F6410C82FBE500F72188 /* Frameworks */ = {
			isa = PBXFrameworksBuildPhase;
			buildActionMask = 2147483647;
			files = (
			);
			runOnlyForDeploymentPostprocessing = 0;
		};
		7388370E0B192732005C7A69 /* Frameworks */ = {
			isa = PBXFrameworksBuildPhase;
			buildActionMask = 2147483647;
			files = (
			);
			runOnlyForDeploymentPostprocessing = 0;
		};
		8D07F2C30486CC7A007CD1D0 /* Frameworks */ = {
			isa = PBXFrameworksBuildPhase;
			buildActionMask = 2147483647;
			files = (
				734A751909D76ADD002D8FAE /* Ogg.framework in Frameworks */,
			);
			runOnlyForDeploymentPostprocessing = 0;
		};
/* End PBXFrameworksBuildPhase section */

/* Begin PBXGroup section */
		034768DDFF38A45A11DB9C8B /* Products */ = {
			isa = PBXGroup;
			children = (
				8D07F2C80486CC7A007CD1D0 /* Theora.framework */,
				738837100B192732005C7A69 /* libtheora.a */,
				09C8F6430C82FBE500F72188 /* libtheoradec.a */,
			);
			name = Products;
			sourceTree = "<group>";
		};
		0867D691FE84028FC02AAC07 /* Theora */ = {
			isa = PBXGroup;
			children = (
				734A75BD09D76B96002D8FAE /* Headers */,
				08FB77ACFE841707C02AAC07 /* Source */,
				089C1665FE841158C02AAC07 /* Resources */,
				0867D69AFE84028FC02AAC07 /* External Frameworks and Libraries */,
				034768DDFF38A45A11DB9C8B /* Products */,
			);
			name = Theora;
			sourceTree = "<group>";
		};
		0867D69AFE84028FC02AAC07 /* External Frameworks and Libraries */ = {
			isa = PBXGroup;
			children = (
				734A751809D76ADD002D8FAE /* Ogg.framework */,
			);
			name = "External Frameworks and Libraries";
			sourceTree = "<group>";
		};
		089C1665FE841158C02AAC07 /* Resources */ = {
			isa = PBXGroup;
			children = (
				8D07F2C70486CC7A007CD1D0 /* Info.plist */,
				089C1666FE841158C02AAC07 /* InfoPlist.strings */,
			);
			name = Resources;
			sourceTree = "<group>";
		};
		08BFDEAA0F796E9C002B7409 /* dec */ = {
			isa = PBXGroup;
			children = (
				08BFDEAB0F796E9C002B7409 /* apiwrapper.c */,
				08BFDEAC0F796E9C002B7409 /* apiwrapper.h */,
				08BFDEAD0F796E9C002B7409 /* bitpack.c */,
				08BFDEAE0F796E9C002B7409 /* bitpack.h */,
				08BFDEAF0F796E9C002B7409 /* dct.h */,
				08BFDEB00F796E9C002B7409 /* decapiwrapper.c */,
				08BFDEB10F796E9C002B7409 /* decinfo.c */,
				08BFDEB20F796E9C002B7409 /* decint.h */,
				08BFDEB30F796E9C002B7409 /* decode.c */,
				08BFDEB40F796E9C002B7409 /* dequant.c */,
				08BFDEB50F796E9C002B7409 /* dequant.h */,
				08BFDEB60F796E9C002B7409 /* fragment.c */,
				08BFDEB70F796E9C002B7409 /* huffdec.c */,
				08BFDEB80F796E9C002B7409 /* huffdec.h */,
				08BFDEB90F796E9C002B7409 /* huffman.h */,
				08BFDEBA0F796E9C002B7409 /* idct.c */,
				08BFDEBB0F796E9C002B7409 /* idct.h */,
				08BFDEBC0F796E9C002B7409 /* info.c */,
				08BFDEBD0F796E9C002B7409 /* internal.c */,
				08BFDEBE0F796E9C002B7409 /* ocintrin.h */,
				08BFDEBF0F796E9C002B7409 /* quant.c */,
				08BFDEC00F796E9C002B7409 /* quant.h */,
				08BFDEC10F796E9C002B7409 /* state.c */,
				08BFDEC30F796E9C002B7409 /* mmxfrag.c */,
				08BFDEC40F796E9C002B7409 /* mmxidct.c */,
				08BFDEC50F796E9C002B7409 /* mmxstate.c */,
				08BFDEC60F796E9C002B7409 /* x86int.h */,
				08BFDEC70F796E9C002B7409 /* x86state.c */,
			);
			name = dec;
			path = ../lib/dec;
			sourceTree = SOURCE_ROOT;
		};
		08BFDF350F796EE7002B7409 /* enc */ = {
			isa = PBXGroup;
			children = (
				08BFDFA70F796F24002B7409 /* cpu.c */,
				08BFDFA80F796F24002B7409 /* cpu.h */,
				08BFDF360F796EE7002B7409 /* codec_internal.h */,
				08BFDF370F796EE7002B7409 /* dct.c */,
				08BFDF380F796EE7002B7409 /* dct_decode.c */,
				08BFDF390F796EE7002B7409 /* dct_encode.c */,
				08BFDF3A0F796EE7002B7409 /* dsp.c */,
				08BFDF3B0F796EE7002B7409 /* dsp.h */,
				08BFDF3C0F796EE7002B7409 /* encapiwrapper.c */,
				08BFDF3D0F796EE7002B7409 /* encode.c */,
				08BFDF3F0F796EE7002B7409 /* encoder_huffman.c */,
				08BFDF400F796EE7002B7409 /* encoder_huffman.h */,
				08BFDF410F796EE7002B7409 /* encoder_idct.c */,
				08BFDF420F796EE7002B7409 /* encoder_lookup.h */,
				08BFDF430F796EE7002B7409 /* encoder_quant.c */,
				08BFDF440F796EE7002B7409 /* encoder_toplevel.c */,
				08BFDF450F796EE7002B7409 /* enquant.h */,
				08BFDF460F796EE7002B7409 /* frarray.c */,
				08BFDF470F796EE7002B7409 /* frinit.c */,
				08BFDF480F796EE7002B7409 /* hufftables.h */,
				08BFDF490F796EE7002B7409 /* mathops.c */,
				08BFDF4A0F796EE7002B7409 /* mathops.h */,
				08BFDF4B0F796EE7002B7409 /* mcenc.c */,
				08BFDF4C0F796EE7002B7409 /* mode.c */,
				08BFDF4D0F796EE7002B7409 /* mode_select.h */,
				08BFDF4E0F796EE7002B7409 /* quant_lookup.h */,
				08BFDF4F0F796EE7002B7409 /* reconstruct.c */,
				08BFDF500F796EE7002B7409 /* toplevel_lookup.h */,
				08BFDF520F796EE7002B7409 /* dct_decode_mmx.c */,
				08BFDF530F796EE7002B7409 /* dsp_mmx.c */,
				08BFDF540F796EE7002B7409 /* dsp_mmxext.c */,
				08BFDF550F796EE7002B7409 /* dsp_sse2.c */,
				08BFDF560F796EE7002B7409 /* fdct_mmx.c */,
				08BFDF570F796EE7002B7409 /* idct_mmx.c */,
				08BFDF580F796EE7002B7409 /* recon_mmx.c */,
			);
			name = enc;
			path = ../lib/enc;
			sourceTree = SOURCE_ROOT;
		};
		08FB77ACFE841707C02AAC07 /* Source */ = {
			isa = PBXGroup;
			children = (
				08BFDF350F796EE7002B7409 /* enc */,
				08BFDEAA0F796E9C002B7409 /* dec */,
				08BFDEA60F796E1F002B7409 /* internal.h */,
				32BAE0B70371A74B00C91783 /* Theora_Prefix.pch */,
			);
			name = Source;
			sourceTree = "<group>";
		};
		734A75BD09D76B96002D8FAE /* Headers */ = {
			isa = PBXGroup;
			children = (
				097729940BCAC60000303091 /* theoradec.h */,
				097729930BCAC60000303091 /* codec.h */,
				734A75BE09D76BB9002D8FAE /* theora.h */,
			);
			name = Headers;
			sourceTree = "<group>";
		};
/* End PBXGroup section */

/* Begin PBXHeadersBuildPhase section */
		09C8F63F0C82FBE500F72188 /* Headers */ = {
			isa = PBXHeadersBuildPhase;
			buildActionMask = 2147483647;
			files = (
				09C8F6640C82FC4500F72188 /* codec.h in Headers */,
				09C8F6650C82FC4500F72188 /* theoradec.h in Headers */,
				09C8F6660C82FC4600F72188 /* theora.h in Headers */,
				08BFDEA80F796E1F002B7409 /* internal.h in Headers */,
				08BFDEF20F796E9C002B7409 /* apiwrapper.h in Headers */,
				08BFDEF40F796E9C002B7409 /* bitpack.h in Headers */,
				08BFDEF50F796E9C002B7409 /* dct.h in Headers */,
				08BFDEF80F796E9C002B7409 /* decint.h in Headers */,
				08BFDEFB0F796E9C002B7409 /* dequant.h in Headers */,
				08BFDEFE0F796E9C002B7409 /* huffdec.h in Headers */,
				08BFDEFF0F796E9C002B7409 /* huffman.h in Headers */,
				08BFDF010F796E9C002B7409 /* idct.h in Headers */,
				08BFDF040F796E9C002B7409 /* ocintrin.h in Headers */,
				08BFDF060F796E9C002B7409 /* quant.h in Headers */,
				08BFDF0B0F796E9C002B7409 /* x86int.h in Headers */,
			);
			runOnlyForDeploymentPostprocessing = 0;
		};
		7388370C0B192732005C7A69 /* Headers */ = {
			isa = PBXHeadersBuildPhase;
			buildActionMask = 2147483647;
			files = (
				097729970BCAC60000303091 /* codec.h in Headers */,
				097729980BCAC60000303091 /* theoradec.h in Headers */,
				08BFDEA90F796E1F002B7409 /* internal.h in Headers */,
				08BFDF140F796E9C002B7409 /* apiwrapper.h in Headers */,
				08BFDF160F796E9C002B7409 /* bitpack.h in Headers */,
				08BFDF170F796E9C002B7409 /* dct.h in Headers */,
				08BFDF1A0F796E9C002B7409 /* decint.h in Headers */,
				08BFDF1D0F796E9C002B7409 /* dequant.h in Headers */,
				08BFDF200F796E9C002B7409 /* huffdec.h in Headers */,
				08BFDF210F796E9C002B7409 /* huffman.h in Headers */,
				08BFDF230F796E9C002B7409 /* idct.h in Headers */,
				08BFDF260F796E9C002B7409 /* ocintrin.h in Headers */,
				08BFDF280F796E9C002B7409 /* quant.h in Headers */,
				08BFDF2D0F796E9C002B7409 /* x86int.h in Headers */,
				08BFDF820F796EE7002B7409 /* codec_internal.h in Headers */,
				08BFDF870F796EE7002B7409 /* dsp.h in Headers */,
				08BFDF8C0F796EE7002B7409 /* encoder_huffman.h in Headers */,
				08BFDF8E0F796EE7002B7409 /* encoder_lookup.h in Headers */,
				08BFDF910F796EE7002B7409 /* enquant.h in Headers */,
				08BFDF940F796EE7002B7409 /* hufftables.h in Headers */,
				08BFDF960F796EE7002B7409 /* mathops.h in Headers */,
				08BFDF990F796EE7002B7409 /* mode_select.h in Headers */,
				08BFDF9A0F796EE7002B7409 /* quant_lookup.h in Headers */,
				08BFDF9C0F796EE7002B7409 /* toplevel_lookup.h in Headers */,
			);
			runOnlyForDeploymentPostprocessing = 0;
		};
		8D07F2BD0486CC7A007CD1D0 /* Headers */ = {
			isa = PBXHeadersBuildPhase;
			buildActionMask = 2147483647;
			files = (
				8D07F2BE0486CC7A007CD1D0 /* Theora_Prefix.pch in Headers */,
				734A75BF09D76BB9002D8FAE /* theora.h in Headers */,
				097729950BCAC60000303091 /* codec.h in Headers */,
				097729960BCAC60000303091 /* theoradec.h in Headers */,
				08BFDEA70F796E1F002B7409 /* internal.h in Headers */,
				08BFDED00F796E9C002B7409 /* apiwrapper.h in Headers */,
				08BFDED20F796E9C002B7409 /* bitpack.h in Headers */,
				08BFDED30F796E9C002B7409 /* dct.h in Headers */,
				08BFDED60F796E9C002B7409 /* decint.h in Headers */,
				08BFDED90F796E9C002B7409 /* dequant.h in Headers */,
				08BFDEDC0F796E9C002B7409 /* huffdec.h in Headers */,
				08BFDEDD0F796E9C002B7409 /* huffman.h in Headers */,
				08BFDEDF0F796E9C002B7409 /* idct.h in Headers */,
				08BFDEE20F796E9C002B7409 /* ocintrin.h in Headers */,
				08BFDEE40F796E9C002B7409 /* quant.h in Headers */,
				08BFDEE90F796E9C002B7409 /* x86int.h in Headers */,
				08BFDF5D0F796EE7002B7409 /* codec_internal.h in Headers */,
				08BFDF620F796EE7002B7409 /* dsp.h in Headers */,
				08BFDF670F796EE7002B7409 /* encoder_huffman.h in Headers */,
				08BFDF690F796EE7002B7409 /* encoder_lookup.h in Headers */,
				08BFDF6C0F796EE7002B7409 /* enquant.h in Headers */,
				08BFDF6F0F796EE7002B7409 /* hufftables.h in Headers */,
				08BFDF710F796EE7002B7409 /* mathops.h in Headers */,
				08BFDF740F796EE7002B7409 /* mode_select.h in Headers */,
				08BFDF750F796EE7002B7409 /* quant_lookup.h in Headers */,
				08BFDF770F796EE7002B7409 /* toplevel_lookup.h in Headers */,
				08BFDFAA0F796F24002B7409 /* cpu.h in Headers */,
			);
			runOnlyForDeploymentPostprocessing = 0;
		};
/* End PBXHeadersBuildPhase section */

/* Begin PBXNativeTarget section */
		09C8F6420C82FBE500F72188 /* libtheoradec (static) */ = {
			isa = PBXNativeTarget;
			buildConfigurationList = 09C8F6610C82FC3E00F72188 /* Build configuration list for PBXNativeTarget "libtheoradec (static)" */;
			buildPhases = (
				09C8F63F0C82FBE500F72188 /* Headers */,
				09C8F6400C82FBE500F72188 /* Sources */,
				09C8F6410C82FBE500F72188 /* Frameworks */,
			);
			buildRules = (
			);
			dependencies = (
			);
			name = "libtheoradec (static)";
			productName = libtheoradec;
			productReference = 09C8F6430C82FBE500F72188 /* libtheoradec.a */;
			productType = "com.apple.product-type.library.static";
		};
		7388370F0B192732005C7A69 /* libtheora (static) */ = {
			isa = PBXNativeTarget;
			buildConfigurationList = 738837110B19277F005C7A69 /* Build configuration list for PBXNativeTarget "libtheora (static)" */;
			buildPhases = (
				7388370C0B192732005C7A69 /* Headers */,
				7388370D0B192732005C7A69 /* Sources */,
				7388370E0B192732005C7A69 /* Frameworks */,
			);
			buildRules = (
			);
			dependencies = (
			);
			name = "libtheora (static)";
			productName = theora;
			productReference = 738837100B192732005C7A69 /* libtheora.a */;
			productType = "com.apple.product-type.library.static";
		};
		8D07F2BC0486CC7A007CD1D0 /* Theora */ = {
			isa = PBXNativeTarget;
			buildConfigurationList = 4FADC24208B4156D00ABE55E /* Build configuration list for PBXNativeTarget "Theora" */;
			buildPhases = (
				8D07F2BD0486CC7A007CD1D0 /* Headers */,
				8D07F2BF0486CC7A007CD1D0 /* Resources */,
				8D07F2C10486CC7A007CD1D0 /* Sources */,
				8D07F2C30486CC7A007CD1D0 /* Frameworks */,
				8D07F2C50486CC7A007CD1D0 /* Rez */,
			);
			buildRules = (
			);
			dependencies = (
			);
			name = Theora;
			productInstallPath = "$(HOME)/Library/Frameworks";
			productName = Theora;
			productReference = 8D07F2C80486CC7A007CD1D0 /* Theora.framework */;
			productType = "com.apple.product-type.framework";
		};
/* End PBXNativeTarget section */

/* Begin PBXProject section */
		0867D690FE84028FC02AAC07 /* Project object */ = {
			isa = PBXProject;
			buildConfigurationList = 4FADC24608B4156D00ABE55E /* Build configuration list for PBXProject "Theora" */;
			hasScannedForEncodings = 1;
			mainGroup = 0867D691FE84028FC02AAC07 /* Theora */;
			productRefGroup = 034768DDFF38A45A11DB9C8B /* Products */;
			projectDirPath = "";
			targets = (
				8D07F2BC0486CC7A007CD1D0 /* Theora */,
				7388370F0B192732005C7A69 /* libtheora (static) */,
				09C8F6420C82FBE500F72188 /* libtheoradec (static) */,
			);
		};
/* End PBXProject section */

/* Begin PBXResourcesBuildPhase section */
		8D07F2BF0486CC7A007CD1D0 /* Resources */ = {
			isa = PBXResourcesBuildPhase;
			buildActionMask = 2147483647;
			files = (
				8D07F2C00486CC7A007CD1D0 /* InfoPlist.strings in Resources */,
			);
			runOnlyForDeploymentPostprocessing = 0;
		};
/* End PBXResourcesBuildPhase section */

/* Begin PBXRezBuildPhase section */
		8D07F2C50486CC7A007CD1D0 /* Rez */ = {
			isa = PBXRezBuildPhase;
			buildActionMask = 2147483647;
			files = (
			);
			runOnlyForDeploymentPostprocessing = 0;
		};
/* End PBXRezBuildPhase section */

/* Begin PBXSourcesBuildPhase section */
		09C8F6400C82FBE500F72188 /* Sources */ = {
			isa = PBXSourcesBuildPhase;
			buildActionMask = 2147483647;
			files = (
				08BFDEF10F796E9C002B7409 /* apiwrapper.c in Sources */,
				08BFDEF30F796E9C002B7409 /* bitpack.c in Sources */,
				08BFDEF60F796E9C002B7409 /* decapiwrapper.c in Sources */,
				08BFDEF70F796E9C002B7409 /* decinfo.c in Sources */,
				08BFDEF90F796E9C002B7409 /* decode.c in Sources */,
				08BFDEFA0F796E9C002B7409 /* dequant.c in Sources */,
				08BFDEFC0F796E9C002B7409 /* fragment.c in Sources */,
				08BFDEFD0F796E9C002B7409 /* huffdec.c in Sources */,
				08BFDF000F796E9C002B7409 /* idct.c in Sources */,
				08BFDF020F796E9C002B7409 /* info.c in Sources */,
				08BFDF030F796E9C002B7409 /* internal.c in Sources */,
				08BFDF050F796E9C002B7409 /* quant.c in Sources */,
				08BFDF070F796E9C002B7409 /* state.c in Sources */,
				08BFDF080F796E9C002B7409 /* mmxfrag.c in Sources */,
				08BFDF090F796E9C002B7409 /* mmxidct.c in Sources */,
				08BFDF0A0F796E9C002B7409 /* mmxstate.c in Sources */,
				08BFDF0C0F796E9C002B7409 /* x86state.c in Sources */,
			);
			runOnlyForDeploymentPostprocessing = 0;
		};
		7388370D0B192732005C7A69 /* Sources */ = {
			isa = PBXSourcesBuildPhase;
			buildActionMask = 2147483647;
			files = (
				08BFDF130F796E9C002B7409 /* apiwrapper.c in Sources */,
				08BFDF150F796E9C002B7409 /* bitpack.c in Sources */,
				08BFDF180F796E9C002B7409 /* decapiwrapper.c in Sources */,
				08BFDF190F796E9C002B7409 /* decinfo.c in Sources */,
				08BFDF1B0F796E9C002B7409 /* decode.c in Sources */,
				08BFDF1C0F796E9C002B7409 /* dequant.c in Sources */,
				08BFDF1E0F796E9C002B7409 /* fragment.c in Sources */,
				08BFDF1F0F796E9C002B7409 /* huffdec.c in Sources */,
				08BFDF220F796E9C002B7409 /* idct.c in Sources */,
				08BFDF240F796E9C002B7409 /* info.c in Sources */,
				08BFDF250F796E9C002B7409 /* internal.c in Sources */,
				08BFDF270F796E9C002B7409 /* quant.c in Sources */,
				08BFDF290F796E9C002B7409 /* state.c in Sources */,
				08BFDF2A0F796E9C002B7409 /* mmxfrag.c in Sources */,
				08BFDF2B0F796E9C002B7409 /* mmxidct.c in Sources */,
				08BFDF2C0F796E9C002B7409 /* mmxstate.c in Sources */,
				08BFDF2E0F796E9C002B7409 /* x86state.c in Sources */,
				08BFDF830F796EE7002B7409 /* dct.c in Sources */,
				08BFDF840F796EE7002B7409 /* dct_decode.c in Sources */,
				08BFDF850F796EE7002B7409 /* dct_encode.c in Sources */,
				08BFDF860F796EE7002B7409 /* dsp.c in Sources */,
				08BFDF880F796EE7002B7409 /* encapiwrapper.c in Sources */,
				08BFDF890F796EE7002B7409 /* encode.c in Sources */,
				08BFDF8B0F796EE7002B7409 /* encoder_huffman.c in Sources */,
				08BFDF8D0F796EE7002B7409 /* encoder_idct.c in Sources */,
				08BFDF8F0F796EE7002B7409 /* encoder_quant.c in Sources */,
				08BFDF900F796EE7002B7409 /* encoder_toplevel.c in Sources */,
				08BFDF920F796EE7002B7409 /* frarray.c in Sources */,
				08BFDF930F796EE7002B7409 /* frinit.c in Sources */,
				08BFDF950F796EE7002B7409 /* mathops.c in Sources */,
				08BFDF970F796EE7002B7409 /* mcenc.c in Sources */,
				08BFDF980F796EE7002B7409 /* mode.c in Sources */,
				08BFDF9B0F796EE7002B7409 /* reconstruct.c in Sources */,
				08BFDF9D0F796EE7002B7409 /* dct_decode_mmx.c in Sources */,
				08BFDF9E0F796EE7002B7409 /* dsp_mmx.c in Sources */,
				08BFDF9F0F796EE7002B7409 /* dsp_mmxext.c in Sources */,
				08BFDFA00F796EE7002B7409 /* dsp_sse2.c in Sources */,
				08BFDFA10F796EE7002B7409 /* fdct_mmx.c in Sources */,
				08BFDFA20F796EE7002B7409 /* idct_mmx.c in Sources */,
				08BFDFA30F796EE7002B7409 /* recon_mmx.c in Sources */,
			);
			runOnlyForDeploymentPostprocessing = 0;
		};
		8D07F2C10486CC7A007CD1D0 /* Sources */ = {
			isa = PBXSourcesBuildPhase;
			buildActionMask = 2147483647;
			files = (
				08BFDECF0F796E9C002B7409 /* apiwrapper.c in Sources */,
				08BFDED10F796E9C002B7409 /* bitpack.c in Sources */,
				08BFDED40F796E9C002B7409 /* decapiwrapper.c in Sources */,
				08BFDED50F796E9C002B7409 /* decinfo.c in Sources */,
				08BFDED70F796E9C002B7409 /* decode.c in Sources */,
				08BFDED80F796E9C002B7409 /* dequant.c in Sources */,
				08BFDEDA0F796E9C002B7409 /* fragment.c in Sources */,
				08BFDEDB0F796E9C002B7409 /* huffdec.c in Sources */,
				08BFDEDE0F796E9C002B7409 /* idct.c in Sources */,
				08BFDEE00F796E9C002B7409 /* info.c in Sources */,
				08BFDEE10F796E9C002B7409 /* internal.c in Sources */,
				08BFDEE30F796E9C002B7409 /* quant.c in Sources */,
				08BFDEE50F796E9C002B7409 /* state.c in Sources */,
				08BFDEE60F796E9C002B7409 /* mmxfrag.c in Sources */,
				08BFDEE70F796E9C002B7409 /* mmxidct.c in Sources */,
				08BFDEE80F796E9C002B7409 /* mmxstate.c in Sources */,
				08BFDEEA0F796E9C002B7409 /* x86state.c in Sources */,
				08BFDF5E0F796EE7002B7409 /* dct.c in Sources */,
				08BFDF5F0F796EE7002B7409 /* dct_decode.c in Sources */,
				08BFDF600F796EE7002B7409 /* dct_encode.c in Sources */,
				08BFDF610F796EE7002B7409 /* dsp.c in Sources */,
				08BFDF630F796EE7002B7409 /* encapiwrapper.c in Sources */,
				08BFDF640F796EE7002B7409 /* encode.c in Sources */,
				08BFDF660F796EE7002B7409 /* encoder_huffman.c in Sources */,
				08BFDF680F796EE7002B7409 /* encoder_idct.c in Sources */,
				08BFDF6A0F796EE7002B7409 /* encoder_quant.c in Sources */,
				08BFDF6B0F796EE7002B7409 /* encoder_toplevel.c in Sources */,
				08BFDF6D0F796EE7002B7409 /* frarray.c in Sources */,
				08BFDF6E0F796EE7002B7409 /* frinit.c in Sources */,
				08BFDF700F796EE7002B7409 /* mathops.c in Sources */,
				08BFDF720F796EE7002B7409 /* mcenc.c in Sources */,
				08BFDF730F796EE7002B7409 /* mode.c in Sources */,
				08BFDF760F796EE7002B7409 /* reconstruct.c in Sources */,
				08BFDF780F796EE7002B7409 /* dct_decode_mmx.c in Sources */,
				08BFDF790F796EE7002B7409 /* dsp_mmx.c in Sources */,
				08BFDF7A0F796EE7002B7409 /* dsp_mmxext.c in Sources */,
				08BFDF7B0F796EE7002B7409 /* dsp_sse2.c in Sources */,
				08BFDF7C0F796EE7002B7409 /* fdct_mmx.c in Sources */,
				08BFDF7D0F796EE7002B7409 /* idct_mmx.c in Sources */,
				08BFDF7E0F796EE7002B7409 /* recon_mmx.c in Sources */,
			);
			runOnlyForDeploymentPostprocessing = 0;
		};
/* End PBXSourcesBuildPhase section */

/* Begin PBXVariantGroup section */
		089C1666FE841158C02AAC07 /* InfoPlist.strings */ = {
			isa = PBXVariantGroup;
			children = (
				089C1667FE841158C02AAC07 /* English */,
			);
			name = InfoPlist.strings;
			sourceTree = "<group>";
		};
/* End PBXVariantGroup section */

/* Begin XCBuildConfiguration section */
		09C8F6620C82FC3E00F72188 /* Debug */ = {
			isa = XCBuildConfiguration;
			buildSettings = {
				COPY_PHASE_STRIP = NO;
				GCC_DYNAMIC_NO_PIC = NO;
				GCC_ENABLE_FIX_AND_CONTINUE = YES;
				GCC_GENERATE_DEBUGGING_SYMBOLS = YES;
				GCC_OPTIMIZATION_LEVEL = 0;
				HEADER_SEARCH_PATHS = (
					"$(inherited)",
					../../ogg/include,
				);
				INSTALL_PATH = /usr/local/lib;
				PREBINDING = NO;
				PRODUCT_NAME = theoradec;
				ZERO_LINK = YES;
			};
			name = Debug;
		};
		09C8F6630C82FC3E00F72188 /* Release */ = {
			isa = XCBuildConfiguration;
			buildSettings = {
				COPY_PHASE_STRIP = YES;
				GCC_ENABLE_FIX_AND_CONTINUE = NO;
				GCC_GENERATE_DEBUGGING_SYMBOLS = NO;
				HEADER_SEARCH_PATHS = (
					"$(inherited)",
					../../ogg/include,
				);
				INSTALL_PATH = /usr/local/lib;
				PREBINDING = NO;
				PRODUCT_NAME = theoradec;
				ZERO_LINK = NO;
			};
			name = Release;
		};
		4FADC24308B4156D00ABE55E /* Debug */ = {
			isa = XCBuildConfiguration;
			buildSettings = {
				COPY_PHASE_STRIP = NO;
				DYLIB_COMPATIBILITY_VERSION = 1;
				DYLIB_CURRENT_VERSION = 1;
				FRAMEWORK_SEARCH_PATHS = (
					"$(inherited)",
					/Library/Frameworks,
				);
				FRAMEWORK_VERSION = A;
				GCC_ENABLE_FIX_AND_CONTINUE = YES;
				GCC_OPTIMIZATION_LEVEL = 0;
				GCC_PRECOMPILE_PREFIX_HEADER = YES;
				GCC_PREFIX_HEADER = Theora_Prefix.pch;
				INFOPLIST_FILE = Info.plist;
				INSTALL_PATH = /Library/Frameworks;
				LIBRARY_STYLE = DYNAMIC;
				MACH_O_TYPE = mh_dylib;
				OTHER_LDFLAGS_i386 = "-Wl,-read_only_relocs,suppress";
				PER_ARCH_CFLAGS_i386 = "-DUSE_ASM";
				PRODUCT_NAME = Theora;
				WRAPPER_EXTENSION = framework;
				ZERO_LINK = YES;
			};
			name = Debug;
		};
		4FADC24408B4156D00ABE55E /* Release */ = {
			isa = XCBuildConfiguration;
			buildSettings = {
				DYLIB_COMPATIBILITY_VERSION = 1;
				DYLIB_CURRENT_VERSION = 1;
				FRAMEWORK_SEARCH_PATHS = (
					"$(inherited)",
					/Library/Frameworks,
				);
				FRAMEWORK_VERSION = A;
				GCC_PRECOMPILE_PREFIX_HEADER = YES;
				GCC_PREFIX_HEADER = Theora_Prefix.pch;
				INFOPLIST_FILE = Info.plist;
				INSTALL_PATH = /Library/Frameworks;
				LIBRARY_STYLE = DYNAMIC;
				MACH_O_TYPE = mh_dylib;
				OTHER_LDFLAGS_i386 = "-Wl,-read_only_relocs,suppress";
				PER_ARCH_CFLAGS_i386 = "-DUSE_ASM";
				PRODUCT_NAME = Theora;
				WRAPPER_EXTENSION = framework;
			};
			name = Release;
		};
		4FADC24708B4156D00ABE55E /* Debug */ = {
			isa = XCBuildConfiguration;
			buildSettings = {
				GCC_OPTIMIZATION_LEVEL = 0;
				GCC_PREPROCESSOR_DEFINITIONS = (
					"$(GCC_PREPROCESSOR_DEFINITIONS)",
					__MACOSX__,
				);
				GCC_WARN_ABOUT_RETURN_TYPE = YES;
				GCC_WARN_UNUSED_VARIABLE = YES;
				HEADER_SEARCH_PATHS = (
					"$(inherited)",
					../include,
					"../lib/**",
				);
				OTHER_CFLAGS = "";
				PER_ARCH_CFLAGS_i386 = "-DUSE_ASM -DOC_X86ASM";
				SDKROOT = /Developer/SDKs/MacOSX10.4u.sdk;
			};
			name = Debug;
		};
		4FADC24808B4156D00ABE55E /* Release */ = {
			isa = XCBuildConfiguration;
			buildSettings = {
				ARCHS = (
					ppc,
					i386,
				);
				GCC_OPTIMIZATION_LEVEL = 3;
				GCC_PREPROCESSOR_DEFINITIONS = (
					"$(GCC_PREPROCESSOR_DEFINITIONS)",
					__MACOSX__,
				);
				GCC_WARN_ABOUT_RETURN_TYPE = YES;
				GCC_WARN_UNUSED_VARIABLE = YES;
				HEADER_SEARCH_PATHS = (
					"$(inherited)",
					../include,
					"../lib/**",
				);
				OTHER_CFLAGS = (
					"$(OTHER_CFLAGS)",
					"-falign-loops=16",
					"-fforce-addr",
					"-fomit-frame-pointer",
					"-finline-functions",
					"-funroll-loops",
				);
				PER_ARCH_CFLAGS_i386 = "-DUSE_ASM -DOC_X86ASM";
				SDKROOT = /Developer/SDKs/MacOSX10.4u.sdk;
			};
			name = Release;
		};
		738837120B19277F005C7A69 /* Debug */ = {
			isa = XCBuildConfiguration;
			buildSettings = {
				COPY_PHASE_STRIP = NO;
				GCC_DYNAMIC_NO_PIC = NO;
				GCC_ENABLE_FIX_AND_CONTINUE = YES;
				GCC_GENERATE_DEBUGGING_SYMBOLS = YES;
				GCC_OPTIMIZATION_LEVEL = 0;
				HEADER_SEARCH_PATHS = (
					"$(inherited)",
					../../ogg/include,
				);
				INSTALL_PATH = /usr/local/lib;
				PREBINDING = NO;
				PRODUCT_NAME = theora;
				ZERO_LINK = YES;
			};
			name = Debug;
		};
		738837130B19277F005C7A69 /* Release */ = {
			isa = XCBuildConfiguration;
			buildSettings = {
				COPY_PHASE_STRIP = YES;
				GCC_ENABLE_FIX_AND_CONTINUE = NO;
				GCC_GENERATE_DEBUGGING_SYMBOLS = NO;
				HEADER_SEARCH_PATHS = (
					"$(inherited)",
					../../ogg/include,
				);
				INSTALL_PATH = /usr/local/lib;
				PREBINDING = NO;
				PRODUCT_NAME = theora;
				ZERO_LINK = NO;
			};
			name = Release;
		};
/* End XCBuildConfiguration section */

/* Begin XCConfigurationList section */
		09C8F6610C82FC3E00F72188 /* Build configuration list for PBXNativeTarget "libtheoradec (static)" */ = {
			isa = XCConfigurationList;
			buildConfigurations = (
				09C8F6620C82FC3E00F72188 /* Debug */,
				09C8F6630C82FC3E00F72188 /* Release */,
			);
			defaultConfigurationIsVisible = 0;
			defaultConfigurationName = Release;
		};
		4FADC24208B4156D00ABE55E /* Build configuration list for PBXNativeTarget "Theora" */ = {
			isa = XCConfigurationList;
			buildConfigurations = (
				4FADC24308B4156D00ABE55E /* Debug */,
				4FADC24408B4156D00ABE55E /* Release */,
			);
			defaultConfigurationIsVisible = 0;
			defaultConfigurationName = Release;
		};
		4FADC24608B4156D00ABE55E /* Build configuration list for PBXProject "Theora" */ = {
			isa = XCConfigurationList;
			buildConfigurations = (
				4FADC24708B4156D00ABE55E /* Debug */,
				4FADC24808B4156D00ABE55E /* Release */,
			);
			defaultConfigurationIsVisible = 0;
			defaultConfigurationName = Release;
		};
		738837110B19277F005C7A69 /* Build configuration list for PBXNativeTarget "libtheora (static)" */ = {
			isa = XCConfigurationList;
			buildConfigurations = (
				738837120B19277F005C7A69 /* Debug */,
				738837130B19277F005C7A69 /* Release */,
			);
			defaultConfigurationIsVisible = 0;
			defaultConfigurationName = Release;
		};
/* End XCConfigurationList section */
	};
	rootObject = 0867D690FE84028FC02AAC07 /* Project object */;
}
